
Microsoft Visual Studio Solution File, Format Version 12.00
# Visual Studio Version 17
VisualStudioVersion = 17.7.34024.191
MinimumVisualStudioVersion = 10.0.40219.1
Project("{FAE04EC0-301F-11D3-BF4B-00C04F79EFBC}") = "cnsDrawHourglass", "cnsDrawHourglass.csproj", "{1C8D4F11-6C84-44E0-B2B4-1FE1E8D001CF}"
EndProject
Global
	GlobalSection(SolutionConfigurationPlatforms) = preSolution
		Debug|Any CPU = Debug|Any CPU
		Release|Any CPU = Release|Any CPU
	EndGlobalSection
	GlobalSection(ProjectConfigurationPlatforms) = postSolution
		{1C8D4F11-6C84-44E0-B2B4-1FE1E8D001CF}.Debug|Any CPU.ActiveCfg = Debug|Any CPU
		{1C8D4F11-6C84-44E0-B2B4-1FE1E8D001CF}.Debug|Any CPU.Build.0 = Debug|Any CPU
		{1C8D4F11-6C84-44E0-B2B4-1FE1E8D001CF}.Release|Any CPU.ActiveCfg = Release|Any CPU
		{1C8D4F11-6C84-44E0-B2B4-1FE1E8D001CF}.Release|Any CPU.Build.0 = Release|Any CPU
	EndGlobalSection
	GlobalSection(SolutionProperties) = preSolution
		HideSolutionNode = FALSE
	EndGlobalSection
	GlobalSection(ExtensibilityGlobals) = postSolution
		SolutionGuid = {53A3C8FA-2C98-4D88-BE72-AF172641D48A}
	EndGlobalSection
EndGlobal
