
Microsoft Visual Studio Solution File, Format Version 12.00
# Visual Studio Version 17
VisualStudioVersion = 17.7.34024.191
MinimumVisualStudioVersion = 10.0.40219.1
Project("{FAE04EC0-301F-11D3-BF4B-00C04F79EFBC}") = "wpfTemplate", "wpfTemplate.csproj", "{5D4C4626-918B-4622-99D4-43294429E456}"
EndProject
Global
	GlobalSection(SolutionConfigurationPlatforms) = preSolution
		Debug|Any CPU = Debug|Any CPU
		Release|Any CPU = Release|Any CPU
	EndGlobalSection
	GlobalSection(ProjectConfigurationPlatforms) = postSolution
		{5D4C4626-918B-4622-99D4-43294429E456}.Debug|Any CPU.ActiveCfg = Debug|Any CPU
		{5D4C4626-918B-4622-99D4-43294429E456}.Debug|Any CPU.Build.0 = Debug|Any CPU
		{5D4C4626-918B-4622-99D4-43294429E456}.Release|Any CPU.ActiveCfg = Release|Any CPU
		{5D4C4626-918B-4622-99D4-43294429E456}.Release|Any CPU.Build.0 = Release|Any CPU
	EndGlobalSection
	GlobalSection(SolutionProperties) = preSolution
		HideSolutionNode = FALSE
	EndGlobalSection
	GlobalSection(ExtensibilityGlobals) = postSolution
		SolutionGuid = {0F00D8FA-3286-45C5-8078-B9BACE714DAE}
	EndGlobalSection
EndGlobal
