
Microsoft Visual Studio Solution File, Format Version 12.00
# Visual Studio Version 17
VisualStudioVersion = 17.7.34024.191
MinimumVisualStudioVersion = 10.0.40219.1
Project("{FAE04EC0-301F-11D3-BF4B-00C04F79EFBC}") = "MauiApp1", "MauiApp1.csproj", "{593BCD33-CA5C-470F-9C9C-3074C90B2C1A}"
EndProject
Global
	GlobalSection(SolutionConfigurationPlatforms) = preSolution
		Debug|Any CPU = Debug|Any CPU
		Release|Any CPU = Release|Any CPU
	EndGlobalSection
	GlobalSection(ProjectConfigurationPlatforms) = postSolution
		{593BCD33-CA5C-470F-9C9C-3074C90B2C1A}.Debug|Any CPU.ActiveCfg = Debug|Any CPU
		{593BCD33-CA5C-470F-9C9C-3074C90B2C1A}.Debug|Any CPU.Build.0 = Debug|Any CPU
		{593BCD33-CA5C-470F-9C9C-3074C90B2C1A}.Debug|Any CPU.Deploy.0 = Debug|Any CPU
		{593BCD33-CA5C-470F-9C9C-3074C90B2C1A}.Release|Any CPU.ActiveCfg = Release|Any CPU
		{593BCD33-CA5C-470F-9C9C-3074C90B2C1A}.Release|Any CPU.Build.0 = Release|Any CPU
		{593BCD33-CA5C-470F-9C9C-3074C90B2C1A}.Release|Any CPU.Deploy.0 = Release|Any CPU
	EndGlobalSection
	GlobalSection(SolutionProperties) = preSolution
		HideSolutionNode = FALSE
	EndGlobalSection
	GlobalSection(ExtensibilityGlobals) = postSolution
		SolutionGuid = {E0CDF039-6DB3-477F-9ABF-413A16926BB0}
	EndGlobalSection
EndGlobal
