
Microsoft Visual Studio Solution File, Format Version 12.00
# Visual Studio Version 17
VisualStudioVersion = 17.7.34024.191
MinimumVisualStudioVersion = 10.0.40219.1
Project("{FAE04EC0-301F-11D3-BF4B-00C04F79EFBC}") = "wpfPaint", "wpfPaint.csproj", "{79717884-48AF-4929-A7BA-C8C24AD740B4}"
EndProject
Global
	GlobalSection(SolutionConfigurationPlatforms) = preSolution
		Debug|Any CPU = Debug|Any CPU
		Release|Any CPU = Release|Any CPU
	EndGlobalSection
	GlobalSection(ProjectConfigurationPlatforms) = postSolution
		{79717884-48AF-4929-A7BA-C8C24AD740B4}.Debug|Any CPU.ActiveCfg = Debug|Any CPU
		{79717884-48AF-4929-A7BA-C8C24AD740B4}.Debug|Any CPU.Build.0 = Debug|Any CPU
		{79717884-48AF-4929-A7BA-C8C24AD740B4}.Release|Any CPU.ActiveCfg = Release|Any CPU
		{79717884-48AF-4929-A7BA-C8C24AD740B4}.Release|Any CPU.Build.0 = Release|Any CPU
	EndGlobalSection
	GlobalSection(SolutionProperties) = preSolution
		HideSolutionNode = FALSE
	EndGlobalSection
	GlobalSection(ExtensibilityGlobals) = postSolution
		SolutionGuid = {C9F9A047-0483-4EEC-8F08-9A49F988D912}
	EndGlobalSection
EndGlobal
