
Microsoft Visual Studio Solution File, Format Version 12.00
# Visual Studio Version 17
VisualStudioVersion = 17.7.34024.191
MinimumVisualStudioVersion = 10.0.40219.1
Project("{FAE04EC0-301F-11D3-BF4B-00C04F79EFBC}") = "WinFormsApp1", "WinFormsApp1.csproj", "{45D5B665-4878-4FAD-9485-C905A8598CBA}"
EndProject
Global
	GlobalSection(SolutionConfigurationPlatforms) = preSolution
		Debug|Any CPU = Debug|Any CPU
		Release|Any CPU = Release|Any CPU
	EndGlobalSection
	GlobalSection(ProjectConfigurationPlatforms) = postSolution
		{45D5B665-4878-4FAD-9485-C905A8598CBA}.Debug|Any CPU.ActiveCfg = Debug|Any CPU
		{45D5B665-4878-4FAD-9485-C905A8598CBA}.Debug|Any CPU.Build.0 = Debug|Any CPU
		{45D5B665-4878-4FAD-9485-C905A8598CBA}.Release|Any CPU.ActiveCfg = Release|Any CPU
		{45D5B665-4878-4FAD-9485-C905A8598CBA}.Release|Any CPU.Build.0 = Release|Any CPU
	EndGlobalSection
	GlobalSection(SolutionProperties) = preSolution
		HideSolutionNode = FALSE
	EndGlobalSection
	GlobalSection(ExtensibilityGlobals) = postSolution
		SolutionGuid = {5D1C5FE1-2D55-4978-A56F-85F89EC123C2}
	EndGlobalSection
EndGlobal
