
Microsoft Visual Studio Solution File, Format Version 12.00
# Visual Studio Version 17
VisualStudioVersion = 17.7.34024.191
MinimumVisualStudioVersion = 10.0.40219.1
Project("{FAE04EC0-301F-11D3-BF4B-00C04F79EFBC}") = "wfaFileExplorer", "wfaFileExplorer\wfaFileExplorer.csproj", "{5DEB2F2E-B6B1-4A5A-9658-C7C167ED30B6}"
EndProject
Global
	GlobalSection(SolutionConfigurationPlatforms) = preSolution
		Debug|Any CPU = Debug|Any CPU
		Release|Any CPU = Release|Any CPU
	EndGlobalSection
	GlobalSection(ProjectConfigurationPlatforms) = postSolution
		{5DEB2F2E-B6B1-4A5A-9658-C7C167ED30B6}.Debug|Any CPU.ActiveCfg = Debug|Any CPU
		{5DEB2F2E-B6B1-4A5A-9658-C7C167ED30B6}.Debug|Any CPU.Build.0 = Debug|Any CPU
		{5DEB2F2E-B6B1-4A5A-9658-C7C167ED30B6}.Release|Any CPU.ActiveCfg = Release|Any CPU
		{5DEB2F2E-B6B1-4A5A-9658-C7C167ED30B6}.Release|Any CPU.Build.0 = Release|Any CPU
	EndGlobalSection
	GlobalSection(SolutionProperties) = preSolution
		HideSolutionNode = FALSE
	EndGlobalSection
	GlobalSection(ExtensibilityGlobals) = postSolution
		SolutionGuid = {DC419649-DA44-45B7-91B3-E022FCAF7EA3}
	EndGlobalSection
EndGlobal
